
Microsoft Visual Studio Solution File, Format Version 12.00
# Visual Studio Version 17
VisualStudioVersion = 17.0.31903.59
MinimumVisualStudioVersion = 10.0.40219.1
Project("{FAE04EC0-301F-11D3-BF4B-00C04F79EFBC}") = "Amiki.Core", "Amiki.Core\Amiki.Core.csproj", "{5F00E2FC-244A-446B-B08F-5B31933785FD}"
EndProject
Project("{FAE04EC0-301F-11D3-BF4B-00C04F79EFBC}") = "Amiki.Api", "Amiki.Api\Amiki.Api.csproj", "{286A1735-8AA1-4713-984B-D41B8A90DDE3}"
EndProject
Project("{FAE04EC0-301F-11D3-BF4B-00C04F79EFBC}") = "Amiki.Client", "Amiki.Client\Amiki.Client.csproj", "{978B13F4-84C4-4D75-8A8A-5FCCD2BD57AB}"
EndProject
Project("{FAE04EC0-301F-11D3-BF4B-00C04F79EFBC}") = "Amiki.Tests", "Amiki.Tests\Amiki.Tests.csproj", "{E5221E3C-A4B9-401C-AF2C-42C51FC1711C}"
EndProject
Global
	GlobalSection(SolutionConfigurationPlatforms) = preSolution
		Debug|Any CPU = Debug|Any CPU
		Debug|x64 = Debug|x64
		Debug|x86 = Debug|x86
		Release|Any CPU = Release|Any CPU
		Release|x64 = Release|x64
		Release|x86 = Release|x86
	EndGlobalSection
	GlobalSection(ProjectConfigurationPlatforms) = postSolution
		{5F00E2FC-244A-446B-B08F-5B31933785FD}.Debug|Any CPU.ActiveCfg = Debug|Any CPU
		{5F00E2FC-244A-446B-B08F-5B31933785FD}.Debug|Any CPU.Build.0 = Debug|Any CPU
		{5F00E2FC-244A-446B-B08F-5B31933785FD}.Debug|x64.ActiveCfg = Debug|Any CPU
		{5F00E2FC-244A-446B-B08F-5B31933785FD}.Debug|x64.Build.0 = Debug|Any CPU
		{5F00E2FC-244A-446B-B08F-5B31933785FD}.Debug|x86.ActiveCfg = Debug|Any CPU
		{5F00E2FC-244A-446B-B08F-5B31933785FD}.Debug|x86.Build.0 = Debug|Any CPU
		{5F00E2FC-244A-446B-B08F-5B31933785FD}.Release|Any CPU.ActiveCfg = Release|Any CPU
		{5F00E2FC-244A-446B-B08F-5B31933785FD}.Release|Any CPU.Build.0 = Release|Any CPU
		{5F00E2FC-244A-446B-B08F-5B31933785FD}.Release|x64.ActiveCfg = Release|Any CPU
		{5F00E2FC-244A-446B-B08F-5B31933785FD}.Release|x64.Build.0 = Release|Any CPU
		{5F00E2FC-244A-446B-B08F-5B31933785FD}.Release|x86.ActiveCfg = Release|Any CPU
		{5F00E2FC-244A-446B-B08F-5B31933785FD}.Release|x86.Build.0 = Release|Any CPU
		{286A1735-8AA1-4713-984B-D41B8A90DDE3}.Debug|Any CPU.ActiveCfg = Debug|Any CPU
		{286A1735-8AA1-4713-984B-D41B8A90DDE3}.Debug|Any CPU.Build.0 = Debug|Any CPU
		{286A1735-8AA1-4713-984B-D41B8A90DDE3}.Debug|x64.ActiveCfg = Debug|Any CPU
		{286A1735-8AA1-4713-984B-D41B8A90DDE3}.Debug|x64.Build.0 = Debug|Any CPU
		{286A1735-8AA1-4713-984B-D41B8A90DDE3}.Debug|x86.ActiveCfg = Debug|Any CPU
		{286A1735-8AA1-4713-984B-D41B8A90DDE3}.Debug|x86.Build.0 = Debug|Any CPU
		{286A1735-8AA1-4713-984B-D41B8A90DDE3}.Release|Any CPU.ActiveCfg = Release|Any CPU
		{286A1735-8AA1-4713-984B-D41B8A90DDE3}.Release|Any CPU.Build.0 = Release|Any CPU
		{286A1735-8AA1-4713-984B-D41B8A90DDE3}.Release|x64.ActiveCfg = Release|Any CPU
		{286A1735-8AA1-4713-984B-D41B8A90DDE3}.Release|x64.Build.0 = Release|Any CPU
		{286A1735-8AA1-4713-984B-D41B8A90DDE3}.Release|x86.ActiveCfg = Release|Any CPU
		{286A1735-8AA1-4713-984B-D41B8A90DDE3}.Release|x86.Build.0 = Release|Any CPU
		{978B13F4-84C4-4D75-8A8A-5FCCD2BD57AB}.Debug|Any CPU.ActiveCfg = Debug|Any CPU
		{978B13F4-84C4-4D75-8A8A-5FCCD2BD57AB}.Debug|Any CPU.Build.0 = Debug|Any CPU
		{978B13F4-84C4-4D75-8A8A-5FCCD2BD57AB}.Debug|x64.ActiveCfg = Debug|Any CPU
		{978B13F4-84C4-4D75-8A8A-5FCCD2BD57AB}.Debug|x64.Build.0 = Debug|Any CPU
		{978B13F4-84C4-4D75-8A8A-5FCCD2BD57AB}.Debug|x86.ActiveCfg = Debug|Any CPU
		{978B13F4-84C4-4D75-8A8A-5FCCD2BD57AB}.Debug|x86.Build.0 = Debug|Any CPU
		{978B13F4-84C4-4D75-8A8A-5FCCD2BD57AB}.Release|Any CPU.ActiveCfg = Release|Any CPU
		{978B13F4-84C4-4D75-8A8A-5FCCD2BD57AB}.Release|Any CPU.Build.0 = Release|Any CPU
		{978B13F4-84C4-4D75-8A8A-5FCCD2BD57AB}.Release|x64.ActiveCfg = Release|Any CPU
		{978B13F4-84C4-4D75-8A8A-5FCCD2BD57AB}.Release|x64.Build.0 = Release|Any CPU
		{978B13F4-84C4-4D75-8A8A-5FCCD2BD57AB}.Release|x86.ActiveCfg = Release|Any CPU
		{978B13F4-84C4-4D75-8A8A-5FCCD2BD57AB}.Release|x86.Build.0 = Release|Any CPU
		{E5221E3C-A4B9-401C-AF2C-42C51FC1711C}.Debug|Any CPU.ActiveCfg = Debug|Any CPU
		{E5221E3C-A4B9-401C-AF2C-42C51FC1711C}.Debug|Any CPU.Build.0 = Debug|Any CPU
		{E5221E3C-A4B9-401C-AF2C-42C51FC1711C}.Debug|x64.ActiveCfg = Debug|Any CPU
		{E5221E3C-A4B9-401C-AF2C-42C51FC1711C}.Debug|x64.Build.0 = Debug|Any CPU
		{E5221E3C-A4B9-401C-AF2C-42C51FC1711C}.Debug|x86.ActiveCfg = Debug|Any CPU
		{E5221E3C-A4B9-401C-AF2C-42C51FC1711C}.Debug|x86.Build.0 = Debug|Any CPU
		{E5221E3C-A4B9-401C-AF2C-42C51FC1711C}.Release|Any CPU.ActiveCfg = Release|Any CPU
		{E5221E3C-A4B9-401C-AF2C-42C51FC1711C}.Release|Any CPU.Build.0 = Release|Any CPU
		{E5221E3C-A4B9-401C-AF2C-42C51FC1711C}.Release|x64.ActiveCfg = Release|Any CPU
		{E5221E3C-A4B9-401C-AF2C-42C51FC1711C}.Release|x64.Build.0 = Release|Any CPU
		{E5221E3C-A4B9-401C-AF2C-42C51FC1711C}.Release|x86.ActiveCfg = Release|Any CPU
		{E5221E3C-A4B9-401C-AF2C-42C51FC1711C}.Release|x86.Build.0 = Release|Any CPU
	EndGlobalSection
	GlobalSection(SolutionProperties) = preSolution
		HideSolutionNode = FALSE
	EndGlobalSection
EndGlobal
